lockfileVersion: '9.0'

settings:
  autoInstallPeers: true
  excludeLinksFromLockfile: false

importers:

  .:
    dependencies:
      '@lion/ui':
        specifier: ^0.15.3
        version: 0.15.3
      lit:
        specifier: ^3.3.2
        version: 3.3.2

packages:

  '@bundled-es-modules/message-format@6.2.4':
    resolution: {integrity: sha512-NBaIEUCzSjLZjrsmSOh8PJLqQjSpXVuekIOuUT8tt4N/FdtAavWsC1YinIqIrbRnkBqV90OxgKzsxhFCzETQBw==}

  '@lion/ui@0.15.3':
    resolution: {integrity: sha512-4Qp2TZbxvbK1dp9r14Ni2v4kgFqYhjWob2O413XQTUN/dp3WcnWLjr1tnRnLcMbVp5lYijoTTkgP+cNszmxu/g==}

  '@lit-labs/ssr-dom-shim@1.5.1':
    resolution: {integrity: sha512-Aou5UdlSpr5whQe8AA/bZG0jMj96CoJIWbGfZ91qieWu5AWUMKw8VR/pAkQkJYvBNhmCcWnZlyyk5oze8JIqYA==}

  '@lit/reactive-element@2.1.2':
    resolution: {integrity: sha512-pbCDiVMnne1lYUIaYNN5wrwQXDtHaYtg7YEFPeW+hws6U47WeFvISGUWekPGKWOP1ygrs0ef0o1VJMk1exos5A==}

  '@open-wc/dedupe-mixin@2.0.1':
    resolution: {integrity: sha512-+R4VxvceUxHAUJXJQipkkoV9fy10vNo+OnUnGKZnVmcwxMl460KLzytnUM4S35SI073R0yZQp9ra0MbPUwVcEA==}

  '@open-wc/scoped-elements@3.0.6':
    resolution: {integrity: sha512-w1ayJaUUmBw8tALtqQ6cBueld+op+bufujzbrOdH0uCTXnSQkONYZzOH+9jyQ8auVgKLqcxZ8oU6SzfqQhQkPg==}

  '@popperjs/core@2.11.8':
    resolution: {integrity: sha512-P1st0aksCrn9sGZhp8GMYwBnQsbvAWsZAX44oXNNvLHGqAOcoVxmjZiohstwQ7SqKnbR47akdNi+uleWD8+g6A==}

  '@types/trusted-types@2.0.7':
    resolution: {integrity: sha512-ScaPdn1dQczgbl0QFTeTOmVHFULt394XJgOQNoyVhZ6r2vLnMLJfBPd53SB52T/3G36VI1/g2MZaX0cwDuXsfw==}

  autosize@6.0.1:
    resolution: {integrity: sha512-f86EjiUKE6Xvczc4ioP1JBlWG7FKrE13qe/DxBCpe8GCipCq2nFw73aO8QEBKHfSbYGDN5eB9jXWKen7tspDqQ==}

  awesome-phonenumber@6.12.0:
    resolution: {integrity: sha512-17Ts/ceWeWXzWZqTIRKA48y3+OyxYsAXYzuxYCn4n0+By+W0dcHk3fHszW6lLxAlCZt3VmVKY6n9AxOCU84qNw==}
    engines: {node: '>=18'}

  ibantools@4.5.1:
    resolution: {integrity: sha512-DfKQpLlFq9yEUIEnFuCJzss3XavD7iHZTU5PyqXiAJ+rmaMp+NFP3hboumHKuK8nZjuOJg93WemTzcQ5b9jOZA==}

  lit-element@4.2.2:
    resolution: {integrity: sha512-aFKhNToWxoyhkNDmWZwEva2SlQia+jfG0fjIWV//YeTaWrVnOxD89dPKfigCUspXFmjzOEUQpOkejH5Ly6sG0w==}

  lit-html@3.3.2:
    resolution: {integrity: sha512-Qy9hU88zcmaxBXcc10ZpdK7cOLXvXpRoBxERdtqV9QOrfpMZZ6pSYP91LhpPtap3sFMUiL7Tw2RImbe0Al2/kw==}

  lit@3.3.2:
    resolution: {integrity: sha512-NF9zbsP79l4ao2SNrH3NkfmFgN/hBYSQo90saIVI1o5GpjAdCPVstVzO1MrLOakHoEhYkrtRjPK6Ob521aoYWQ==}

  singleton-manager@1.8.0:
    resolution: {integrity: sha512-1M3qImeT5j74a/GtRwM8Q+JOMwhiNRE/uJtIu+U6LBgbRvl9reoeFbQ+ZALR0CwCqg2hhwmLAGZ9KuxefuIWlA==}

snapshots:

  '@bundled-es-modules/message-format@6.2.4': {}

  '@lion/ui@0.15.3':
    dependencies:
      '@bundled-es-modules/message-format': 6.2.4
      '@open-wc/dedupe-mixin': 2.0.1
      '@open-wc/scoped-elements': 3.0.6
      '@popperjs/core': 2.11.8
      autosize: 6.0.1
      awesome-phonenumber: 6.12.0
      ibantools: 4.5.1
      lit: 3.3.2
      singleton-manager: 1.8.0

  '@lit-labs/ssr-dom-shim@1.5.1': {}

  '@lit/reactive-element@2.1.2':
    dependencies:
      '@lit-labs/ssr-dom-shim': 1.5.1

  '@open-wc/dedupe-mixin@2.0.1': {}

  '@open-wc/scoped-elements@3.0.6':
    dependencies:
      '@open-wc/dedupe-mixin': 2.0.1
      lit: 3.3.2

  '@popperjs/core@2.11.8': {}

  '@types/trusted-types@2.0.7': {}

  autosize@6.0.1: {}

  awesome-phonenumber@6.12.0: {}

  ibantools@4.5.1: {}

  lit-element@4.2.2:
    dependencies:
      '@lit-labs/ssr-dom-shim': 1.5.1
      '@lit/reactive-element': 2.1.2
      lit-html: 3.3.2

  lit-html@3.3.2:
    dependencies:
      '@types/trusted-types': 2.0.7

  lit@3.3.2:
    dependencies:
      '@lit/reactive-element': 2.1.2
      lit-element: 4.2.2
      lit-html: 3.3.2

  singleton-manager@1.8.0: {}
